
Microsoft Visual Studio Solution File, Format Version 12.00
# Visual Studio Version 17
VisualStudioVersion = 17.11.35222.181
MinimumVisualStudioVersion = 10.0.40219.1
Project("{FAE04EC0-301F-11D3-BF4B-00C04F79EFBC}") = "VendasAPI", "VendasAPI\VendasAPI.csproj", "{8752CBC6-9D9E-4B74-BDB9-34E68D261B2F}"
EndProject
Global
	GlobalSection(SolutionConfigurationPlatforms) = preSolution
		Debug|Any CPU = Debug|Any CPU
		Release|Any CPU = Release|Any CPU
	EndGlobalSection
	GlobalSection(ProjectConfigurationPlatforms) = postSolution
		{8752CBC6-9D9E-4B74-BDB9-34E68D261B2F}.Debug|Any CPU.ActiveCfg = Debug|Any CPU
		{8752CBC6-9D9E-4B74-BDB9-34E68D261B2F}.Debug|Any CPU.Build.0 = Debug|Any CPU
		{8752CBC6-9D9E-4B74-BDB9-34E68D261B2F}.Release|Any CPU.ActiveCfg = Release|Any CPU
		{8752CBC6-9D9E-4B74-BDB9-34E68D261B2F}.Release|Any CPU.Build.0 = Release|Any CPU
	EndGlobalSection
	GlobalSection(SolutionProperties) = preSolution
		HideSolutionNode = FALSE
	EndGlobalSection
	GlobalSection(ExtensibilityGlobals) = postSolution
		SolutionGuid = {389D8D0D-2063-4DA4-A0AC-B3F486F55458}
	EndGlobalSection
EndGlobal
